
Microsoft Visual Studio Solution File, Format Version 12.00
# Visual Studio Version 17
VisualStudioVersion = 17.5.002.0
MinimumVisualStudioVersion = 10.0.40219.1
Project("{9A19103F-16F7-4668-BE54-9A1E7A4F7556}") = "BasketballWC", "BasketballWC.csproj", "{264DEA59-F446-417B-A0A7-9BAECB506A21}"
EndProject
Global
	GlobalSection(SolutionConfigurationPlatforms) = preSolution
		Debug|Any CPU = Debug|Any CPU
		Release|Any CPU = Release|Any CPU
	EndGlobalSection
	GlobalSection(ProjectConfigurationPlatforms) = postSolution
		{264DEA59-F446-417B-A0A7-9BAECB506A21}.Debug|Any CPU.ActiveCfg = Debug|Any CPU
		{264DEA59-F446-417B-A0A7-9BAECB506A21}.Debug|Any CPU.Build.0 = Debug|Any CPU
		{264DEA59-F446-417B-A0A7-9BAECB506A21}.Release|Any CPU.ActiveCfg = Release|Any CPU
		{264DEA59-F446-417B-A0A7-9BAECB506A21}.Release|Any CPU.Build.0 = Release|Any CPU
	EndGlobalSection
	GlobalSection(SolutionProperties) = preSolution
		HideSolutionNode = FALSE
	EndGlobalSection
	GlobalSection(ExtensibilityGlobals) = postSolution
		SolutionGuid = {94F48CA0-30DF-47C2-9411-1E6F17EAE02D}
	EndGlobalSection
EndGlobal
